
Microsoft Visual Studio Solution File, Format Version 12.00
# Visual Studio Version 17
Project("{8BC9CEB8-8B4A-11D0-8D11-00A0C91BC942}") = "ALL_BUILD", "ALL_BUILD.vcxproj", "{8A37EA2F-A9DF-31EB-A444-263686D656A8}"
	ProjectSection(ProjectDependencies) = postProject
		{497B3CBE-5D09-329D-965D-FB6E9D782EB7} = {497B3CBE-5D09-329D-965D-FB6E9D782EB7}
		{D44C0778-BB72-3721-806A-A91D41DF3F40} = {D44C0778-BB72-3721-806A-A91D41DF3F40}
		{52EFF806-A059-313F-A077-CFE44589463F} = {52EFF806-A059-313F-A077-CFE44589463F}
		{0F16EC70-64E9-33E2-AE5F-6B3E50E1D42F} = {0F16EC70-64E9-33E2-AE5F-6B3E50E1D42F}
		{E5C4CB2A-FE0D-37F0-A60D-BDF251C34AFF} = {E5C4CB2A-FE0D-37F0-A60D-BDF251C34AFF}
		{F03325A1-ACC2-343E-97A4-E30356CDEC8E} = {F03325A1-ACC2-343E-97A4-E30356CDEC8E}
		{30B47363-2E81-32FA-8DF7-CADC9E91B521} = {30B47363-2E81-32FA-8DF7-CADC9E91B521}
		{E7FF6D5B-55CD-3DA7-A87F-C9ECFD862D8F} = {E7FF6D5B-55CD-3DA7-A87F-C9ECFD862D8F}
		{8963BA0A-CB03-371A-9354-441F3E408D6F} = {8963BA0A-CB03-371A-9354-441F3E408D6F}
		{F9378020-2ED4-3C07-9171-C358C917A90A} = {F9378020-2ED4-3C07-9171-C358C917A90A}
		{9F25E920-E6E5-3458-B221-EE8CE3407C0A} = {9F25E920-E6E5-3458-B221-EE8CE3407C0A}
		{684B8CCB-6D08-3DD0-B879-2E36302EF4F3} = {684B8CCB-6D08-3DD0-B879-2E36302EF4F3}
		{6FD1CDB6-5254-3F5D-8F04-34BA7821E222} = {6FD1CDB6-5254-3F5D-8F04-34BA7821E222}
		{77B1BA98-70E5-3EB7-8AE3-3D6CF9CBCCCC} = {77B1BA98-70E5-3EB7-8AE3-3D6CF9CBCCCC}
		{3FDF0A66-C96E-3A4C-9EDF-D85253DB388A} = {3FDF0A66-C96E-3A4C-9EDF-D85253DB388A}
	EndProjectSection
EndProject
Project("{8BC9CEB8-8B4A-11D0-8D11-00A0C91BC942}") = "INSTALL", "INSTALL.vcxproj", "{86F97805-15F4-372A-BE75-2691A0030857}"
	ProjectSection(ProjectDependencies) = postProject
		{8A37EA2F-A9DF-31EB-A444-263686D656A8} = {8A37EA2F-A9DF-31EB-A444-263686D656A8}
		{D44C0778-BB72-3721-806A-A91D41DF3F40} = {D44C0778-BB72-3721-806A-A91D41DF3F40}
	EndProjectSection
EndProject
Project("{8BC9CEB8-8B4A-11D0-8D11-00A0C91BC942}") = "LibXml2", "LibXml2.vcxproj", "{497B3CBE-5D09-329D-965D-FB6E9D782EB7}"
	ProjectSection(ProjectDependencies) = postProject
		{D44C0778-BB72-3721-806A-A91D41DF3F40} = {D44C0778-BB72-3721-806A-A91D41DF3F40}
	EndProjectSection
EndProject
Project("{8BC9CEB8-8B4A-11D0-8D11-00A0C91BC942}") = "PACKAGE", "PACKAGE.vcxproj", "{B342CE2B-857B-3764-8267-A3ECE2B7F140}"
	ProjectSection(ProjectDependencies) = postProject
		{8A37EA2F-A9DF-31EB-A444-263686D656A8} = {8A37EA2F-A9DF-31EB-A444-263686D656A8}
		{D44C0778-BB72-3721-806A-A91D41DF3F40} = {D44C0778-BB72-3721-806A-A91D41DF3F40}
	EndProjectSection
EndProject
Project("{8BC9CEB8-8B4A-11D0-8D11-00A0C91BC942}") = "RUN_TESTS", "RUN_TESTS.vcxproj", "{B862A311-86B2-3FE8-B6B4-A8FF75C77E5D}"
	ProjectSection(ProjectDependencies) = postProject
		{D44C0778-BB72-3721-806A-A91D41DF3F40} = {D44C0778-BB72-3721-806A-A91D41DF3F40}
	EndProjectSection
EndProject
Project("{8BC9CEB8-8B4A-11D0-8D11-00A0C91BC942}") = "ZERO_CHECK", "ZERO_CHECK.vcxproj", "{D44C0778-BB72-3721-806A-A91D41DF3F40}"
	ProjectSection(ProjectDependencies) = postProject
	EndProjectSection
EndProject
Project("{8BC9CEB8-8B4A-11D0-8D11-00A0C91BC942}") = "runsuite", "runsuite.vcxproj", "{52EFF806-A059-313F-A077-CFE44589463F}"
	ProjectSection(ProjectDependencies) = postProject
		{497B3CBE-5D09-329D-965D-FB6E9D782EB7} = {497B3CBE-5D09-329D-965D-FB6E9D782EB7}
		{D44C0778-BB72-3721-806A-A91D41DF3F40} = {D44C0778-BB72-3721-806A-A91D41DF3F40}
	EndProjectSection
EndProject
Project("{8BC9CEB8-8B4A-11D0-8D11-00A0C91BC942}") = "runtest", "runtest.vcxproj", "{0F16EC70-64E9-33E2-AE5F-6B3E50E1D42F}"
	ProjectSection(ProjectDependencies) = postProject
		{497B3CBE-5D09-329D-965D-FB6E9D782EB7} = {497B3CBE-5D09-329D-965D-FB6E9D782EB7}
		{D44C0778-BB72-3721-806A-A91D41DF3F40} = {D44C0778-BB72-3721-806A-A91D41DF3F40}
	EndProjectSection
EndProject
Project("{8BC9CEB8-8B4A-11D0-8D11-00A0C91BC942}") = "runxmlconf", "runxmlconf.vcxproj", "{E5C4CB2A-FE0D-37F0-A60D-BDF251C34AFF}"
	ProjectSection(ProjectDependencies) = postProject
		{497B3CBE-5D09-329D-965D-FB6E9D782EB7} = {497B3CBE-5D09-329D-965D-FB6E9D782EB7}
		{D44C0778-BB72-3721-806A-A91D41DF3F40} = {D44C0778-BB72-3721-806A-A91D41DF3F40}
	EndProjectSection
EndProject
Project("{8BC9CEB8-8B4A-11D0-8D11-00A0C91BC942}") = "testModule", "testModule.vcxproj", "{F03325A1-ACC2-343E-97A4-E30356CDEC8E}"
	ProjectSection(ProjectDependencies) = postProject
		{497B3CBE-5D09-329D-965D-FB6E9D782EB7} = {497B3CBE-5D09-329D-965D-FB6E9D782EB7}
		{D44C0778-BB72-3721-806A-A91D41DF3F40} = {D44C0778-BB72-3721-806A-A91D41DF3F40}
	EndProjectSection
EndProject
Project("{8BC9CEB8-8B4A-11D0-8D11-00A0C91BC942}") = "testThreads", "testThreads.vcxproj", "{30B47363-2E81-32FA-8DF7-CADC9E91B521}"
	ProjectSection(ProjectDependencies) = postProject
		{497B3CBE-5D09-329D-965D-FB6E9D782EB7} = {497B3CBE-5D09-329D-965D-FB6E9D782EB7}
		{D44C0778-BB72-3721-806A-A91D41DF3F40} = {D44C0778-BB72-3721-806A-A91D41DF3F40}
	EndProjectSection
EndProject
Project("{8BC9CEB8-8B4A-11D0-8D11-00A0C91BC942}") = "testapi", "testapi.vcxproj", "{E7FF6D5B-55CD-3DA7-A87F-C9ECFD862D8F}"
	ProjectSection(ProjectDependencies) = postProject
		{497B3CBE-5D09-329D-965D-FB6E9D782EB7} = {497B3CBE-5D09-329D-965D-FB6E9D782EB7}
		{D44C0778-BB72-3721-806A-A91D41DF3F40} = {D44C0778-BB72-3721-806A-A91D41DF3F40}
	EndProjectSection
EndProject
Project("{8BC9CEB8-8B4A-11D0-8D11-00A0C91BC942}") = "testchar", "testchar.vcxproj", "{8963BA0A-CB03-371A-9354-441F3E408D6F}"
	ProjectSection(ProjectDependencies) = postProject
		{497B3CBE-5D09-329D-965D-FB6E9D782EB7} = {497B3CBE-5D09-329D-965D-FB6E9D782EB7}
		{D44C0778-BB72-3721-806A-A91D41DF3F40} = {D44C0778-BB72-3721-806A-A91D41DF3F40}
	EndProjectSection
EndProject
Project("{8BC9CEB8-8B4A-11D0-8D11-00A0C91BC942}") = "testdict", "testdict.vcxproj", "{F9378020-2ED4-3C07-9171-C358C917A90A}"
	ProjectSection(ProjectDependencies) = postProject
		{497B3CBE-5D09-329D-965D-FB6E9D782EB7} = {497B3CBE-5D09-329D-965D-FB6E9D782EB7}
		{D44C0778-BB72-3721-806A-A91D41DF3F40} = {D44C0778-BB72-3721-806A-A91D41DF3F40}
	EndProjectSection
EndProject
Project("{8BC9CEB8-8B4A-11D0-8D11-00A0C91BC942}") = "testlimits", "testlimits.vcxproj", "{9F25E920-E6E5-3458-B221-EE8CE3407C0A}"
	ProjectSection(ProjectDependencies) = postProject
		{497B3CBE-5D09-329D-965D-FB6E9D782EB7} = {497B3CBE-5D09-329D-965D-FB6E9D782EB7}
		{D44C0778-BB72-3721-806A-A91D41DF3F40} = {D44C0778-BB72-3721-806A-A91D41DF3F40}
	EndProjectSection
EndProject
Project("{8BC9CEB8-8B4A-11D0-8D11-00A0C91BC942}") = "testparser", "testparser.vcxproj", "{684B8CCB-6D08-3DD0-B879-2E36302EF4F3}"
	ProjectSection(ProjectDependencies) = postProject
		{497B3CBE-5D09-329D-965D-FB6E9D782EB7} = {497B3CBE-5D09-329D-965D-FB6E9D782EB7}
		{D44C0778-BB72-3721-806A-A91D41DF3F40} = {D44C0778-BB72-3721-806A-A91D41DF3F40}
	EndProjectSection
EndProject
Project("{8BC9CEB8-8B4A-11D0-8D11-00A0C91BC942}") = "testrecurse", "testrecurse.vcxproj", "{6FD1CDB6-5254-3F5D-8F04-34BA7821E222}"
	ProjectSection(ProjectDependencies) = postProject
		{497B3CBE-5D09-329D-965D-FB6E9D782EB7} = {497B3CBE-5D09-329D-965D-FB6E9D782EB7}
		{D44C0778-BB72-3721-806A-A91D41DF3F40} = {D44C0778-BB72-3721-806A-A91D41DF3F40}
	EndProjectSection
EndProject
Project("{8BC9CEB8-8B4A-11D0-8D11-00A0C91BC942}") = "xmlcatalog", "xmlcatalog.vcxproj", "{77B1BA98-70E5-3EB7-8AE3-3D6CF9CBCCCC}"
	ProjectSection(ProjectDependencies) = postProject
		{497B3CBE-5D09-329D-965D-FB6E9D782EB7} = {497B3CBE-5D09-329D-965D-FB6E9D782EB7}
		{D44C0778-BB72-3721-806A-A91D41DF3F40} = {D44C0778-BB72-3721-806A-A91D41DF3F40}
	EndProjectSection
EndProject
Project("{8BC9CEB8-8B4A-11D0-8D11-00A0C91BC942}") = "xmllint", "xmllint.vcxproj", "{3FDF0A66-C96E-3A4C-9EDF-D85253DB388A}"
	ProjectSection(ProjectDependencies) = postProject
		{497B3CBE-5D09-329D-965D-FB6E9D782EB7} = {497B3CBE-5D09-329D-965D-FB6E9D782EB7}
		{D44C0778-BB72-3721-806A-A91D41DF3F40} = {D44C0778-BB72-3721-806A-A91D41DF3F40}
	EndProjectSection
EndProject
Global
	GlobalSection(SolutionConfigurationPlatforms) = preSolution
		Debug|Win32 = Debug|Win32
		Release|Win32 = Release|Win32
		MinSizeRel|Win32 = MinSizeRel|Win32
		RelWithDebInfo|Win32 = RelWithDebInfo|Win32
	EndGlobalSection
	GlobalSection(ProjectConfigurationPlatforms) = postSolution
		{8A37EA2F-A9DF-31EB-A444-263686D656A8}.Debug|Win32.ActiveCfg = Debug|Win32
		{8A37EA2F-A9DF-31EB-A444-263686D656A8}.Debug|Win32.Build.0 = Debug|Win32
		{8A37EA2F-A9DF-31EB-A444-263686D656A8}.Release|Win32.ActiveCfg = Release|Win32
		{8A37EA2F-A9DF-31EB-A444-263686D656A8}.Release|Win32.Build.0 = Release|Win32
		{8A37EA2F-A9DF-31EB-A444-263686D656A8}.MinSizeRel|Win32.ActiveCfg = MinSizeRel|Win32
		{8A37EA2F-A9DF-31EB-A444-263686D656A8}.MinSizeRel|Win32.Build.0 = MinSizeRel|Win32
		{8A37EA2F-A9DF-31EB-A444-263686D656A8}.RelWithDebInfo|Win32.ActiveCfg = RelWithDebInfo|Win32
		{8A37EA2F-A9DF-31EB-A444-263686D656A8}.RelWithDebInfo|Win32.Build.0 = RelWithDebInfo|Win32
		{86F97805-15F4-372A-BE75-2691A0030857}.Debug|Win32.ActiveCfg = Debug|Win32
		{86F97805-15F4-372A-BE75-2691A0030857}.Release|Win32.ActiveCfg = Release|Win32
		{86F97805-15F4-372A-BE75-2691A0030857}.MinSizeRel|Win32.ActiveCfg = MinSizeRel|Win32
		{86F97805-15F4-372A-BE75-2691A0030857}.RelWithDebInfo|Win32.ActiveCfg = RelWithDebInfo|Win32
		{497B3CBE-5D09-329D-965D-FB6E9D782EB7}.Debug|Win32.ActiveCfg = Debug|Win32
		{497B3CBE-5D09-329D-965D-FB6E9D782EB7}.Debug|Win32.Build.0 = Debug|Win32
		{497B3CBE-5D09-329D-965D-FB6E9D782EB7}.Release|Win32.ActiveCfg = Release|Win32
		{497B3CBE-5D09-329D-965D-FB6E9D782EB7}.Release|Win32.Build.0 = Release|Win32
		{497B3CBE-5D09-329D-965D-FB6E9D782EB7}.MinSizeRel|Win32.ActiveCfg = MinSizeRel|Win32
		{497B3CBE-5D09-329D-965D-FB6E9D782EB7}.MinSizeRel|Win32.Build.0 = MinSizeRel|Win32
		{497B3CBE-5D09-329D-965D-FB6E9D782EB7}.RelWithDebInfo|Win32.ActiveCfg = RelWithDebInfo|Win32
		{497B3CBE-5D09-329D-965D-FB6E9D782EB7}.RelWithDebInfo|Win32.Build.0 = RelWithDebInfo|Win32
		{B342CE2B-857B-3764-8267-A3ECE2B7F140}.Debug|Win32.ActiveCfg = Debug|Win32
		{B342CE2B-857B-3764-8267-A3ECE2B7F140}.Release|Win32.ActiveCfg = Release|Win32
		{B342CE2B-857B-3764-8267-A3ECE2B7F140}.MinSizeRel|Win32.ActiveCfg = MinSizeRel|Win32
		{B342CE2B-857B-3764-8267-A3ECE2B7F140}.RelWithDebInfo|Win32.ActiveCfg = RelWithDebInfo|Win32
		{B862A311-86B2-3FE8-B6B4-A8FF75C77E5D}.Debug|Win32.ActiveCfg = Debug|Win32
		{B862A311-86B2-3FE8-B6B4-A8FF75C77E5D}.Release|Win32.ActiveCfg = Release|Win32
		{B862A311-86B2-3FE8-B6B4-A8FF75C77E5D}.MinSizeRel|Win32.ActiveCfg = MinSizeRel|Win32
		{B862A311-86B2-3FE8-B6B4-A8FF75C77E5D}.RelWithDebInfo|Win32.ActiveCfg = RelWithDebInfo|Win32
		{D44C0778-BB72-3721-806A-A91D41DF3F40}.Debug|Win32.ActiveCfg = Debug|Win32
		{D44C0778-BB72-3721-806A-A91D41DF3F40}.Debug|Win32.Build.0 = Debug|Win32
		{D44C0778-BB72-3721-806A-A91D41DF3F40}.Release|Win32.ActiveCfg = Release|Win32
		{D44C0778-BB72-3721-806A-A91D41DF3F40}.Release|Win32.Build.0 = Release|Win32
		{D44C0778-BB72-3721-806A-A91D41DF3F40}.MinSizeRel|Win32.ActiveCfg = MinSizeRel|Win32
		{D44C0778-BB72-3721-806A-A91D41DF3F40}.MinSizeRel|Win32.Build.0 = MinSizeRel|Win32
		{D44C0778-BB72-3721-806A-A91D41DF3F40}.RelWithDebInfo|Win32.ActiveCfg = RelWithDebInfo|Win32
		{D44C0778-BB72-3721-806A-A91D41DF3F40}.RelWithDebInfo|Win32.Build.0 = RelWithDebInfo|Win32
		{52EFF806-A059-313F-A077-CFE44589463F}.Debug|Win32.ActiveCfg = Debug|Win32
		{52EFF806-A059-313F-A077-CFE44589463F}.Debug|Win32.Build.0 = Debug|Win32
		{52EFF806-A059-313F-A077-CFE44589463F}.Release|Win32.ActiveCfg = Release|Win32
		{52EFF806-A059-313F-A077-CFE44589463F}.Release|Win32.Build.0 = Release|Win32
		{52EFF806-A059-313F-A077-CFE44589463F}.MinSizeRel|Win32.ActiveCfg = MinSizeRel|Win32
		{52EFF806-A059-313F-A077-CFE44589463F}.MinSizeRel|Win32.Build.0 = MinSizeRel|Win32
		{52EFF806-A059-313F-A077-CFE44589463F}.RelWithDebInfo|Win32.ActiveCfg = RelWithDebInfo|Win32
		{52EFF806-A059-313F-A077-CFE44589463F}.RelWithDebInfo|Win32.Build.0 = RelWithDebInfo|Win32
		{0F16EC70-64E9-33E2-AE5F-6B3E50E1D42F}.Debug|Win32.ActiveCfg = Debug|Win32
		{0F16EC70-64E9-33E2-AE5F-6B3E50E1D42F}.Debug|Win32.Build.0 = Debug|Win32
		{0F16EC70-64E9-33E2-AE5F-6B3E50E1D42F}.Release|Win32.ActiveCfg = Release|Win32
		{0F16EC70-64E9-33E2-AE5F-6B3E50E1D42F}.Release|Win32.Build.0 = Release|Win32
		{0F16EC70-64E9-33E2-AE5F-6B3E50E1D42F}.MinSizeRel|Win32.ActiveCfg = MinSizeRel|Win32
		{0F16EC70-64E9-33E2-AE5F-6B3E50E1D42F}.MinSizeRel|Win32.Build.0 = MinSizeRel|Win32
		{0F16EC70-64E9-33E2-AE5F-6B3E50E1D42F}.RelWithDebInfo|Win32.ActiveCfg = RelWithDebInfo|Win32
		{0F16EC70-64E9-33E2-AE5F-6B3E50E1D42F}.RelWithDebInfo|Win32.Build.0 = RelWithDebInfo|Win32
		{E5C4CB2A-FE0D-37F0-A60D-BDF251C34AFF}.Debug|Win32.ActiveCfg = Debug|Win32
		{E5C4CB2A-FE0D-37F0-A60D-BDF251C34AFF}.Debug|Win32.Build.0 = Debug|Win32
		{E5C4CB2A-FE0D-37F0-A60D-BDF251C34AFF}.Release|Win32.ActiveCfg = Release|Win32
		{E5C4CB2A-FE0D-37F0-A60D-BDF251C34AFF}.Release|Win32.Build.0 = Release|Win32
		{E5C4CB2A-FE0D-37F0-A60D-BDF251C34AFF}.MinSizeRel|Win32.ActiveCfg = MinSizeRel|Win32
		{E5C4CB2A-FE0D-37F0-A60D-BDF251C34AFF}.MinSizeRel|Win32.Build.0 = MinSizeRel|Win32
		{E5C4CB2A-FE0D-37F0-A60D-BDF251C34AFF}.RelWithDebInfo|Win32.ActiveCfg = RelWithDebInfo|Win32
		{E5C4CB2A-FE0D-37F0-A60D-BDF251C34AFF}.RelWithDebInfo|Win32.Build.0 = RelWithDebInfo|Win32
		{F03325A1-ACC2-343E-97A4-E30356CDEC8E}.Debug|Win32.ActiveCfg = Debug|Win32
		{F03325A1-ACC2-343E-97A4-E30356CDEC8E}.Debug|Win32.Build.0 = Debug|Win32
		{F03325A1-ACC2-343E-97A4-E30356CDEC8E}.Release|Win32.ActiveCfg = Release|Win32
		{F03325A1-ACC2-343E-97A4-E30356CDEC8E}.Release|Win32.Build.0 = Release|Win32
		{F03325A1-ACC2-343E-97A4-E30356CDEC8E}.MinSizeRel|Win32.ActiveCfg = MinSizeRel|Win32
		{F03325A1-ACC2-343E-97A4-E30356CDEC8E}.MinSizeRel|Win32.Build.0 = MinSizeRel|Win32
		{F03325A1-ACC2-343E-97A4-E30356CDEC8E}.RelWithDebInfo|Win32.ActiveCfg = RelWithDebInfo|Win32
		{F03325A1-ACC2-343E-97A4-E30356CDEC8E}.RelWithDebInfo|Win32.Build.0 = RelWithDebInfo|Win32
		{30B47363-2E81-32FA-8DF7-CADC9E91B521}.Debug|Win32.ActiveCfg = Debug|Win32
		{30B47363-2E81-32FA-8DF7-CADC9E91B521}.Debug|Win32.Build.0 = Debug|Win32
		{30B47363-2E81-32FA-8DF7-CADC9E91B521}.Release|Win32.ActiveCfg = Release|Win32
		{30B47363-2E81-32FA-8DF7-CADC9E91B521}.Release|Win32.Build.0 = Release|Win32
		{30B47363-2E81-32FA-8DF7-CADC9E91B521}.MinSizeRel|Win32.ActiveCfg = MinSizeRel|Win32
		{30B47363-2E81-32FA-8DF7-CADC9E91B521}.MinSizeRel|Win32.Build.0 = MinSizeRel|Win32
		{30B47363-2E81-32FA-8DF7-CADC9E91B521}.RelWithDebInfo|Win32.ActiveCfg = RelWithDebInfo|Win32
		{30B47363-2E81-32FA-8DF7-CADC9E91B521}.RelWithDebInfo|Win32.Build.0 = RelWithDebInfo|Win32
		{E7FF6D5B-55CD-3DA7-A87F-C9ECFD862D8F}.Debug|Win32.ActiveCfg = Debug|Win32
		{E7FF6D5B-55CD-3DA7-A87F-C9ECFD862D8F}.Debug|Win32.Build.0 = Debug|Win32
		{E7FF6D5B-55CD-3DA7-A87F-C9ECFD862D8F}.Release|Win32.ActiveCfg = Release|Win32
		{E7FF6D5B-55CD-3DA7-A87F-C9ECFD862D8F}.Release|Win32.Build.0 = Release|Win32
		{E7FF6D5B-55CD-3DA7-A87F-C9ECFD862D8F}.MinSizeRel|Win32.ActiveCfg = MinSizeRel|Win32
		{E7FF6D5B-55CD-3DA7-A87F-C9ECFD862D8F}.MinSizeRel|Win32.Build.0 = MinSizeRel|Win32
		{E7FF6D5B-55CD-3DA7-A87F-C9ECFD862D8F}.RelWithDebInfo|Win32.ActiveCfg = RelWithDebInfo|Win32
		{E7FF6D5B-55CD-3DA7-A87F-C9ECFD862D8F}.RelWithDebInfo|Win32.Build.0 = RelWithDebInfo|Win32
		{8963BA0A-CB03-371A-9354-441F3E408D6F}.Debug|Win32.ActiveCfg = Debug|Win32
		{8963BA0A-CB03-371A-9354-441F3E408D6F}.Debug|Win32.Build.0 = Debug|Win32
		{8963BA0A-CB03-371A-9354-441F3E408D6F}.Release|Win32.ActiveCfg = Release|Win32
		{8963BA0A-CB03-371A-9354-441F3E408D6F}.Release|Win32.Build.0 = Release|Win32
		{8963BA0A-CB03-371A-9354-441F3E408D6F}.MinSizeRel|Win32.ActiveCfg = MinSizeRel|Win32
		{8963BA0A-CB03-371A-9354-441F3E408D6F}.MinSizeRel|Win32.Build.0 = MinSizeRel|Win32
		{8963BA0A-CB03-371A-9354-441F3E408D6F}.RelWithDebInfo|Win32.ActiveCfg = RelWithDebInfo|Win32
		{8963BA0A-CB03-371A-9354-441F3E408D6F}.RelWithDebInfo|Win32.Build.0 = RelWithDebInfo|Win32
		{F9378020-2ED4-3C07-9171-C358C917A90A}.Debug|Win32.ActiveCfg = Debug|Win32
		{F9378020-2ED4-3C07-9171-C358C917A90A}.Debug|Win32.Build.0 = Debug|Win32
		{F9378020-2ED4-3C07-9171-C358C917A90A}.Release|Win32.ActiveCfg = Release|Win32
		{F9378020-2ED4-3C07-9171-C358C917A90A}.Release|Win32.Build.0 = Release|Win32
		{F9378020-2ED4-3C07-9171-C358C917A90A}.MinSizeRel|Win32.ActiveCfg = MinSizeRel|Win32
		{F9378020-2ED4-3C07-9171-C358C917A90A}.MinSizeRel|Win32.Build.0 = MinSizeRel|Win32
		{F9378020-2ED4-3C07-9171-C358C917A90A}.RelWithDebInfo|Win32.ActiveCfg = RelWithDebInfo|Win32
		{F9378020-2ED4-3C07-9171-C358C917A90A}.RelWithDebInfo|Win32.Build.0 = RelWithDebInfo|Win32
		{9F25E920-E6E5-3458-B221-EE8CE3407C0A}.Debug|Win32.ActiveCfg = Debug|Win32
		{9F25E920-E6E5-3458-B221-EE8CE3407C0A}.Debug|Win32.Build.0 = Debug|Win32
		{9F25E920-E6E5-3458-B221-EE8CE3407C0A}.Release|Win32.ActiveCfg = Release|Win32
		{9F25E920-E6E5-3458-B221-EE8CE3407C0A}.Release|Win32.Build.0 = Release|Win32
		{9F25E920-E6E5-3458-B221-EE8CE3407C0A}.MinSizeRel|Win32.ActiveCfg = MinSizeRel|Win32
		{9F25E920-E6E5-3458-B221-EE8CE3407C0A}.MinSizeRel|Win32.Build.0 = MinSizeRel|Win32
		{9F25E920-E6E5-3458-B221-EE8CE3407C0A}.RelWithDebInfo|Win32.ActiveCfg = RelWithDebInfo|Win32
		{9F25E920-E6E5-3458-B221-EE8CE3407C0A}.RelWithDebInfo|Win32.Build.0 = RelWithDebInfo|Win32
		{684B8CCB-6D08-3DD0-B879-2E36302EF4F3}.Debug|Win32.ActiveCfg = Debug|Win32
		{684B8CCB-6D08-3DD0-B879-2E36302EF4F3}.Debug|Win32.Build.0 = Debug|Win32
		{684B8CCB-6D08-3DD0-B879-2E36302EF4F3}.Release|Win32.ActiveCfg = Release|Win32
		{684B8CCB-6D08-3DD0-B879-2E36302EF4F3}.Release|Win32.Build.0 = Release|Win32
		{684B8CCB-6D08-3DD0-B879-2E36302EF4F3}.MinSizeRel|Win32.ActiveCfg = MinSizeRel|Win32
		{684B8CCB-6D08-3DD0-B879-2E36302EF4F3}.MinSizeRel|Win32.Build.0 = MinSizeRel|Win32
		{684B8CCB-6D08-3DD0-B879-2E36302EF4F3}.RelWithDebInfo|Win32.ActiveCfg = RelWithDebInfo|Win32
		{684B8CCB-6D08-3DD0-B879-2E36302EF4F3}.RelWithDebInfo|Win32.Build.0 = RelWithDebInfo|Win32
		{6FD1CDB6-5254-3F5D-8F04-34BA7821E222}.Debug|Win32.ActiveCfg = Debug|Win32
		{6FD1CDB6-5254-3F5D-8F04-34BA7821E222}.Debug|Win32.Build.0 = Debug|Win32
		{6FD1CDB6-5254-3F5D-8F04-34BA7821E222}.Release|Win32.ActiveCfg = Release|Win32
		{6FD1CDB6-5254-3F5D-8F04-34BA7821E222}.Release|Win32.Build.0 = Release|Win32
		{6FD1CDB6-5254-3F5D-8F04-34BA7821E222}.MinSizeRel|Win32.ActiveCfg = MinSizeRel|Win32
		{6FD1CDB6-5254-3F5D-8F04-34BA7821E222}.MinSizeRel|Win32.Build.0 = MinSizeRel|Win32
		{6FD1CDB6-5254-3F5D-8F04-34BA7821E222}.RelWithDebInfo|Win32.ActiveCfg = RelWithDebInfo|Win32
		{6FD1CDB6-5254-3F5D-8F04-34BA7821E222}.RelWithDebInfo|Win32.Build.0 = RelWithDebInfo|Win32
		{77B1BA98-70E5-3EB7-8AE3-3D6CF9CBCCCC}.Debug|Win32.ActiveCfg = Debug|Win32
		{77B1BA98-70E5-3EB7-8AE3-3D6CF9CBCCCC}.Debug|Win32.Build.0 = Debug|Win32
		{77B1BA98-70E5-3EB7-8AE3-3D6CF9CBCCCC}.Release|Win32.ActiveCfg = Release|Win32
		{77B1BA98-70E5-3EB7-8AE3-3D6CF9CBCCCC}.Release|Win32.Build.0 = Release|Win32
		{77B1BA98-70E5-3EB7-8AE3-3D6CF9CBCCCC}.MinSizeRel|Win32.ActiveCfg = MinSizeRel|Win32
		{77B1BA98-70E5-3EB7-8AE3-3D6CF9CBCCCC}.MinSizeRel|Win32.Build.0 = MinSizeRel|Win32
		{77B1BA98-70E5-3EB7-8AE3-3D6CF9CBCCCC}.RelWithDebInfo|Win32.ActiveCfg = RelWithDebInfo|Win32
		{77B1BA98-70E5-3EB7-8AE3-3D6CF9CBCCCC}.RelWithDebInfo|Win32.Build.0 = RelWithDebInfo|Win32
		{3FDF0A66-C96E-3A4C-9EDF-D85253DB388A}.Debug|Win32.ActiveCfg = Debug|Win32
		{3FDF0A66-C96E-3A4C-9EDF-D85253DB388A}.Debug|Win32.Build.0 = Debug|Win32
		{3FDF0A66-C96E-3A4C-9EDF-D85253DB388A}.Release|Win32.ActiveCfg = Release|Win32
		{3FDF0A66-C96E-3A4C-9EDF-D85253DB388A}.Release|Win32.Build.0 = Release|Win32
		{3FDF0A66-C96E-3A4C-9EDF-D85253DB388A}.MinSizeRel|Win32.ActiveCfg = MinSizeRel|Win32
		{3FDF0A66-C96E-3A4C-9EDF-D85253DB388A}.MinSizeRel|Win32.Build.0 = MinSizeRel|Win32
		{3FDF0A66-C96E-3A4C-9EDF-D85253DB388A}.RelWithDebInfo|Win32.ActiveCfg = RelWithDebInfo|Win32
		{3FDF0A66-C96E-3A4C-9EDF-D85253DB388A}.RelWithDebInfo|Win32.Build.0 = RelWithDebInfo|Win32
	EndGlobalSection
	GlobalSection(ExtensibilityGlobals) = postSolution
		SolutionGuid = {112679A0-D78F-3A92-9076-B7A709B9DB72}
	EndGlobalSection
	GlobalSection(ExtensibilityAddIns) = postSolution
	EndGlobalSection
EndGlobal
