<?xml version="1.0" encoding="utf-8"?>
<Project ToolsVersion="17.0" xmlns="http://schemas.microsoft.com/developer/msbuild/2003">
  <ItemGroup>
    <ClCompile Include="E:\vs17project\libxml2\libxml2-2.12.3\testdict.c">
      <Filter>Source Files</Filter>
    </ClCompile>
  </ItemGroup>
  <ItemGroup>
    <CustomBuild Include="E:\vs17project\libxml2\libxml2-2.12.3\CMakeLists.txt" />
  </ItemGroup>
  <ItemGroup>
    <Filter Include="Source Files">
      <UniqueIdentifier>{28023F6F-7C63-3C54-861F-96E417D99793}</UniqueIdentifier>
    </Filter>
  </ItemGroup>
</Project>
